// !$*UTF8*$!
{
	archiveVersion = 1;
	classes = {
	};
	objectVersion = 52;
	objects = {

/* Begin PBXBuildFile section */
		3A022ADF272CBFE7009BD2B3 /* TMEmptyView.swift in Sources */ = {isa = PBXBuildFile; fileRef = 3A022ADE272CBFE7009BD2B3 /* TMEmptyView.swift */; };
		3A022AE2272CD815009BD2B3 /* CreateProjectVC.swift in Sources */ = {isa = PBXBuildFile; fileRef = 3A022AE1272CD815009BD2B3 /* CreateProjectVC.swift */; };
		3A032FF02717E0FA00EA11B9 /* TMWelcomeHeaderView.swift in Sources */ = {isa = PBXBuildFile; fileRef = 3A032FEF2717E0FA00EA11B9 /* TMWelcomeHeaderView.swift */; };
		3A07CB36272B798A00E20F3A /* TaskManager.xcdatamodeld in Sources */ = {isa = PBXBuildFile; fileRef = 3A07CB34272B798A00E20F3A /* TaskManager.xcdatamodeld */; };
		3A108D7C2733A4620058D4E1 /* IQKeyboardManagerSwift in Frameworks */ = {isa = PBXBuildFile; productRef = 3A108D7B2733A4620058D4E1 /* IQKeyboardManagerSwift */; };
		3A17BC2A274341F800CE504B /* TMSectionHeaderView.swift in Sources */ = {isa = PBXBuildFile; fileRef = 3A17BC29274341F800CE504B /* TMSectionHeaderView.swift */; };
		3A1940AC271900C000469C06 /* BetterSegmentedControl in Frameworks */ = {isa = PBXBuildFile; productRef = 3A1940AB271900C000469C06 /* BetterSegmentedControl */; };
		3A1FE61328BB0C0A00E80722 /* CDProject+CoreDataClass.swift in Sources */ = {isa = PBXBuildFile; fileRef = 3A1FE60F28BB0C0A00E80722 /* CDProject+CoreDataClass.swift */; };
		3A1FE61428BB0C0A00E80722 /* CDProject+CoreDataProperties.swift in Sources */ = {isa = PBXBuildFile; fileRef = 3A1FE61028BB0C0A00E80722 /* CDProject+CoreDataProperties.swift */; };
		3A1FE61528BB0C0A00E80722 /* CDTask+CoreDataClass.swift in Sources */ = {isa = PBXBuildFile; fileRef = 3A1FE61128BB0C0A00E80722 /* CDTask+CoreDataClass.swift */; };
		3A1FE61628BB0C0A00E80722 /* CDTask+CoreDataProperties.swift in Sources */ = {isa = PBXBuildFile; fileRef = 3A1FE61228BB0C0A00E80722 /* CDTask+CoreDataProperties.swift */; };
		3A23CA3227646F060030437E /* TMTagLabel.swift in Sources */ = {isa = PBXBuildFile; fileRef = 3A23CA3127646F060030437E /* TMTagLabel.swift */; };
		3A2983D927364D6A006B9448 /* TMDateField.swift in Sources */ = {isa = PBXBuildFile; fileRef = 3A2983D827364D6A006B9448 /* TMDateField.swift */; };
		3A32C5FD274879B600AE1BA4 /* CreateTaskVC.swift in Sources */ = {isa = PBXBuildFile; fileRef = 3A32C5FC274879B600AE1BA4 /* CreateTaskVC.swift */; };
		3A330095271B72FB001DD4F3 /* TMProjectsVC.swift in Sources */ = {isa = PBXBuildFile; fileRef = 3A330094271B72FB001DD4F3 /* TMProjectsVC.swift */; };
		3A33009A271BCBC3001DD4F3 /* Project.swift in Sources */ = {isa = PBXBuildFile; fileRef = 3A330099271BCBC3001DD4F3 /* Project.swift */; };
		3A33009F271BCE43001DD4F3 /* DummyData.swift in Sources */ = {isa = PBXBuildFile; fileRef = 3A33009E271BCE43001DD4F3 /* DummyData.swift */; };
		3A3300A9271CCF56001DD4F3 /* ProjectViewCell.swift in Sources */ = {isa = PBXBuildFile; fileRef = 3A3300A8271CCF56001DD4F3 /* ProjectViewCell.swift */; };
		3A3300AD271D2F62001DD4F3 /* ViewController+Ext.swift in Sources */ = {isa = PBXBuildFile; fileRef = 3A3300AC271D2F62001DD4F3 /* ViewController+Ext.swift */; };
		3A3300B1271E2210001DD4F3 /* TMTasksListVC.swift in Sources */ = {isa = PBXBuildFile; fileRef = 3A3300B0271E2210001DD4F3 /* TMTasksListVC.swift */; };
		3A3720F0271643CE00FE1A75 /* ThemeColors.swift in Sources */ = {isa = PBXBuildFile; fileRef = 3A3720EF271643CE00FE1A75 /* ThemeColors.swift */; };
		3A43078D27323843005D98D9 /* TMTextView.swift in Sources */ = {isa = PBXBuildFile; fileRef = 3A43078C27323843005D98D9 /* TMTextView.swift */; };
		3A468130272F67C900142B4E /* TMTextField.swift in Sources */ = {isa = PBXBuildFile; fileRef = 3A46812F272F67C900142B4E /* TMTextField.swift */; };
		3A468133272FB78C00142B4E /* TMButton.swift in Sources */ = {isa = PBXBuildFile; fileRef = 3A468132272FB78C00142B4E /* TMButton.swift */; };
		3A5097E72867E98100AB1B02 /* TMColorPickerView.swift in Sources */ = {isa = PBXBuildFile; fileRef = 3A5097E62867E98100AB1B02 /* TMColorPickerView.swift */; };
		3A56C64A2769B99A00B91ACF /* TaskDetailVC.swift in Sources */ = {isa = PBXBuildFile; fileRef = 3A56C6492769B99A00B91ACF /* TaskDetailVC.swift */; };
		3A6462F92727925800FA7F95 /* TaskTableViewCell.swift in Sources */ = {isa = PBXBuildFile; fileRef = 3A6462F82727925800FA7F95 /* TaskTableViewCell.swift */; };
		3A69C77D271892E50078668B /* TMTitleLabel.swift in Sources */ = {isa = PBXBuildFile; fileRef = 3A69C77C271892E40078668B /* TMTitleLabel.swift */; };
		3A69C780271899E10078668B /* TMSubtitleLabel.swift in Sources */ = {isa = PBXBuildFile; fileRef = 3A69C77F271899E10078668B /* TMSubtitleLabel.swift */; };
		3A6B9FFE27547482004E47BF /* TMCheckBoxButton.swift in Sources */ = {isa = PBXBuildFile; fileRef = 3A6B9FFD27547482004E47BF /* TMCheckBoxButton.swift */; };
		3A7080572711240E00D2F06E /* HomeVC.swift in Sources */ = {isa = PBXBuildFile; fileRef = 3A7080562711240E00D2F06E /* HomeVC.swift */; };
		3A8CBFC72762AC7E00E1A43A /* Date+Ext.swift in Sources */ = {isa = PBXBuildFile; fileRef = 3A8CBFC62762AC7E00E1A43A /* Date+Ext.swift */; };
		3AA1930A2730D88300D213CB /* UIColor+Ext.swift in Sources */ = {isa = PBXBuildFile; fileRef = 3AA193092730D88300D213CB /* UIColor+Ext.swift */; };
		3AA39A962738ABF000711E51 /* ProjectDetailVC.swift in Sources */ = {isa = PBXBuildFile; fileRef = 3AA39A952738ABF000711E51 /* ProjectDetailVC.swift */; };
		3AD69170272A4AC5000279B2 /* CoreDataManager.swift in Sources */ = {isa = PBXBuildFile; fileRef = 3AD6916F272A4AC5000279B2 /* CoreDataManager.swift */; };
		3ADB3DBA273CC84E00944A08 /* TMProjectHeaderDetailView.swift in Sources */ = {isa = PBXBuildFile; fileRef = 3ADB3DB9273CC84E00944A08 /* TMProjectHeaderDetailView.swift */; };
		3AEF9E02270E6F860065B184 /* AppDelegate.swift in Sources */ = {isa = PBXBuildFile; fileRef = 3AEF9E01270E6F860065B184 /* AppDelegate.swift */; };
		3AEF9E04270E6F860065B184 /* SceneDelegate.swift in Sources */ = {isa = PBXBuildFile; fileRef = 3AEF9E03270E6F860065B184 /* SceneDelegate.swift */; };
		3AEF9E0B270E6F880065B184 /* Assets.xcassets in Resources */ = {isa = PBXBuildFile; fileRef = 3AEF9E0A270E6F880065B184 /* Assets.xcassets */; };
		3AEF9E0E270E6F880065B184 /* LaunchScreen.storyboard in Resources */ = {isa = PBXBuildFile; fileRef = 3AEF9E0C270E6F880065B184 /* LaunchScreen.storyboard */; };
		3AF5FAF027659906007342DB /* TMPriorityOptionsView.swift in Sources */ = {isa = PBXBuildFile; fileRef = 3AF5FAEF27659906007342DB /* TMPriorityOptionsView.swift */; };
		3AFA32F92908EE5D0096CC52 /* Task.swift in Sources */ = {isa = PBXBuildFile; fileRef = 3AFA32F82908EE5D0096CC52 /* Task.swift */; };
		3AFBCF7327471E0100AEB1C4 /* TMCircleButton.swift in Sources */ = {isa = PBXBuildFile; fileRef = 3AFBCF7227471E0100AEB1C4 /* TMCircleButton.swift */; };
		3AFECF7E271FB31300404F1F /* UIView+Ext.swift in Sources */ = {isa = PBXBuildFile; fileRef = 3AFECF7D271FB31300404F1F /* UIView+Ext.swift */; };
		3AFECF87271FCC8000404F1F /* TMSquareIconView.swift in Sources */ = {isa = PBXBuildFile; fileRef = 3AFECF86271FCC8000404F1F /* TMSquareIconView.swift */; };
/* End PBXBuildFile section */

/* Begin PBXFileReference section */
		3A022ADE272CBFE7009BD2B3 /* TMEmptyView.swift */ = {isa = PBXFileReference; lastKnownFileType = sourcecode.swift; path = TMEmptyView.swift; sourceTree = "<group>"; };
		3A022AE1272CD815009BD2B3 /* CreateProjectVC.swift */ = {isa = PBXFileReference; lastKnownFileType = sourcecode.swift; path = CreateProjectVC.swift; sourceTree = "<group>"; };
		3A032FEF2717E0FA00EA11B9 /* TMWelcomeHeaderView.swift */ = {isa = PBXFileReference; lastKnownFileType = sourcecode.swift; path = TMWelcomeHeaderView.swift; sourceTree = "<group>"; };
		3A07CB35272B798A00E20F3A /* TaskManager.xcdatamodel */ = {isa = PBXFileReference; lastKnownFileType = wrapper.xcdatamodel; path = TaskManager.xcdatamodel; sourceTree = "<group>"; };
		3A17BC29274341F800CE504B /* TMSectionHeaderView.swift */ = {isa = PBXFileReference; lastKnownFileType = sourcecode.swift; path = TMSectionHeaderView.swift; sourceTree = "<group>"; };
		3A1FE60F28BB0C0A00E80722 /* CDProject+CoreDataClass.swift */ = {isa = PBXFileReference; lastKnownFileType = sourcecode.swift; path = "CDProject+CoreDataClass.swift"; sourceTree = "<group>"; };
		3A1FE61028BB0C0A00E80722 /* CDProject+CoreDataProperties.swift */ = {isa = PBXFileReference; lastKnownFileType = sourcecode.swift; path = "CDProject+CoreDataProperties.swift"; sourceTree = "<group>"; };
		3A1FE61128BB0C0A00E80722 /* CDTask+CoreDataClass.swift */ = {isa = PBXFileReference; lastKnownFileType = sourcecode.swift; path = "CDTask+CoreDataClass.swift"; sourceTree = "<group>"; };
		3A1FE61228BB0C0A00E80722 /* CDTask+CoreDataProperties.swift */ = {isa = PBXFileReference; lastKnownFileType = sourcecode.swift; path = "CDTask+CoreDataProperties.swift"; sourceTree = "<group>"; };
		3A23CA3127646F060030437E /* TMTagLabel.swift */ = {isa = PBXFileReference; lastKnownFileType = sourcecode.swift; path = TMTagLabel.swift; sourceTree = "<group>"; };
		3A2983D827364D6A006B9448 /* TMDateField.swift */ = {isa = PBXFileReference; lastKnownFileType = sourcecode.swift; path = TMDateField.swift; sourceTree = "<group>"; };
		3A32C5FC274879B600AE1BA4 /* CreateTaskVC.swift */ = {isa = PBXFileReference; lastKnownFileType = sourcecode.swift; path = CreateTaskVC.swift; sourceTree = "<group>"; };
		3A330094271B72FB001DD4F3 /* TMProjectsVC.swift */ = {isa = PBXFileReference; lastKnownFileType = sourcecode.swift; path = TMProjectsVC.swift; sourceTree = "<group>"; };
		3A330099271BCBC3001DD4F3 /* Project.swift */ = {isa = PBXFileReference; lastKnownFileType = sourcecode.swift; path = Project.swift; sourceTree = "<group>"; };
		3A33009E271BCE43001DD4F3 /* DummyData.swift */ = {isa = PBXFileReference; lastKnownFileType = sourcecode.swift; path = DummyData.swift; sourceTree = "<group>"; };
		3A3300A8271CCF56001DD4F3 /* ProjectViewCell.swift */ = {isa = PBXFileReference; lastKnownFileType = sourcecode.swift; path = ProjectViewCell.swift; sourceTree = "<group>"; };
		3A3300AC271D2F62001DD4F3 /* ViewController+Ext.swift */ = {isa = PBXFileReference; lastKnownFileType = sourcecode.swift; path = "ViewController+Ext.swift"; sourceTree = "<group>"; };
		3A3300B0271E2210001DD4F3 /* TMTasksListVC.swift */ = {isa = PBXFileReference; lastKnownFileType = sourcecode.swift; path = TMTasksListVC.swift; sourceTree = "<group>"; };
		3A3720EF271643CE00FE1A75 /* ThemeColors.swift */ = {isa = PBXFileReference; lastKnownFileType = sourcecode.swift; path = ThemeColors.swift; sourceTree = "<group>"; };
		3A43078C27323843005D98D9 /* TMTextView.swift */ = {isa = PBXFileReference; lastKnownFileType = sourcecode.swift; path = TMTextView.swift; sourceTree = "<group>"; };
		3A46812F272F67C900142B4E /* TMTextField.swift */ = {isa = PBXFileReference; lastKnownFileType = sourcecode.swift; path = TMTextField.swift; sourceTree = "<group>"; };
		3A468132272FB78C00142B4E /* TMButton.swift */ = {isa = PBXFileReference; lastKnownFileType = sourcecode.swift; path = TMButton.swift; sourceTree = "<group>"; };
		3A5097E62867E98100AB1B02 /* TMColorPickerView.swift */ = {isa = PBXFileReference; lastKnownFileType = sourcecode.swift; path = TMColorPickerView.swift; sourceTree = "<group>"; };
		3A56C6492769B99A00B91ACF /* TaskDetailVC.swift */ = {isa = PBXFileReference; lastKnownFileType = sourcecode.swift; path = TaskDetailVC.swift; sourceTree = "<group>"; };
		3A6462F82727925800FA7F95 /* TaskTableViewCell.swift */ = {isa = PBXFileReference; lastKnownFileType = sourcecode.swift; path = TaskTableViewCell.swift; sourceTree = "<group>"; };
		3A69C77C271892E40078668B /* TMTitleLabel.swift */ = {isa = PBXFileReference; lastKnownFileType = sourcecode.swift; path = TMTitleLabel.swift; sourceTree = "<group>"; };
		3A69C77F271899E10078668B /* TMSubtitleLabel.swift */ = {isa = PBXFileReference; lastKnownFileType = sourcecode.swift; path = TMSubtitleLabel.swift; sourceTree = "<group>"; };
		3A6B9FFD27547482004E47BF /* TMCheckBoxButton.swift */ = {isa = PBXFileReference; lastKnownFileType = sourcecode.swift; path = TMCheckBoxButton.swift; sourceTree = "<group>"; };
		3A7080562711240E00D2F06E /* HomeVC.swift */ = {isa = PBXFileReference; lastKnownFileType = sourcecode.swift; path = HomeVC.swift; sourceTree = "<group>"; };
		3A8CBFC62762AC7E00E1A43A /* Date+Ext.swift */ = {isa = PBXFileReference; lastKnownFileType = sourcecode.swift; path = "Date+Ext.swift"; sourceTree = "<group>"; };
		3AA193092730D88300D213CB /* UIColor+Ext.swift */ = {isa = PBXFileReference; lastKnownFileType = sourcecode.swift; path = "UIColor+Ext.swift"; sourceTree = "<group>"; };
		3AA39A952738ABF000711E51 /* ProjectDetailVC.swift */ = {isa = PBXFileReference; lastKnownFileType = sourcecode.swift; path = ProjectDetailVC.swift; sourceTree = "<group>"; };
		3AD6916F272A4AC5000279B2 /* CoreDataManager.swift */ = {isa = PBXFileReference; lastKnownFileType = sourcecode.swift; path = CoreDataManager.swift; sourceTree = "<group>"; };
		3ADB3DB9273CC84E00944A08 /* TMProjectHeaderDetailView.swift */ = {isa = PBXFileReference; lastKnownFileType = sourcecode.swift; path = TMProjectHeaderDetailView.swift; sourceTree = "<group>"; };
		3AEF9DFE270E6F860065B184 /* Task Manager.app */ = {isa = PBXFileReference; explicitFileType = wrapper.application; includeInIndex = 0; path = "Task Manager.app"; sourceTree = BUILT_PRODUCTS_DIR; };
		3AEF9E01270E6F860065B184 /* AppDelegate.swift */ = {isa = PBXFileReference; lastKnownFileType = sourcecode.swift; path = AppDelegate.swift; sourceTree = "<group>"; };
		3AEF9E03270E6F860065B184 /* SceneDelegate.swift */ = {isa = PBXFileReference; lastKnownFileType = sourcecode.swift; path = SceneDelegate.swift; sourceTree = "<group>"; };
		3AEF9E0A270E6F880065B184 /* Assets.xcassets */ = {isa = PBXFileReference; lastKnownFileType = folder.assetcatalog; path = Assets.xcassets; sourceTree = "<group>"; };
		3AEF9E0D270E6F880065B184 /* Base */ = {isa = PBXFileReference; lastKnownFileType = file.storyboard; name = Base; path = Base.lproj/LaunchScreen.storyboard; sourceTree = "<group>"; };
		3AEF9E0F270E6F880065B184 /* Info.plist */ = {isa = PBXFileReference; lastKnownFileType = text.plist.xml; path = Info.plist; sourceTree = "<group>"; };
		3AF5FAEF27659906007342DB /* TMPriorityOptionsView.swift */ = {isa = PBXFileReference; lastKnownFileType = sourcecode.swift; path = TMPriorityOptionsView.swift; sourceTree = "<group>"; };
		3AFA32F82908EE5D0096CC52 /* Task.swift */ = {isa = PBXFileReference; lastKnownFileType = sourcecode.swift; path = Task.swift; sourceTree = "<group>"; };
		3AFBCF7227471E0100AEB1C4 /* TMCircleButton.swift */ = {isa = PBXFileReference; lastKnownFileType = sourcecode.swift; path = TMCircleButton.swift; sourceTree = "<group>"; };
		3AFECF7D271FB31300404F1F /* UIView+Ext.swift */ = {isa = PBXFileReference; lastKnownFileType = sourcecode.swift; path = "UIView+Ext.swift"; sourceTree = "<group>"; };
		3AFECF86271FCC8000404F1F /* TMSquareIconView.swift */ = {isa = PBXFileReference; lastKnownFileType = sourcecode.swift; path = TMSquareIconView.swift; sourceTree = "<group>"; };
/* End PBXFileReference section */

/* Begin PBXFrameworksBuildPhase section */
		3AEF9DFB270E6F860065B184 /* Frameworks */ = {
			isa = PBXFrameworksBuildPhase;
			buildActionMask = 2147483647;
			files = (
				3A1940AC271900C000469C06 /* BetterSegmentedControl in Frameworks */,
				3A108D7C2733A4620058D4E1 /* IQKeyboardManagerSwift in Frameworks */,
			);
			runOnlyForDeploymentPostprocessing = 0;
		};
/* End PBXFrameworksBuildPhase section */

/* Begin PBXGroup section */
		3A00A0BA271A931A0001168F /* ChildViewControllers */ = {
			isa = PBXGroup;
			children = (
				3A330094271B72FB001DD4F3 /* TMProjectsVC.swift */,
				3A3300B0271E2210001DD4F3 /* TMTasksListVC.swift */,
			);
			path = ChildViewControllers;
			sourceTree = "<group>";
		};
		3A33009D271BCE37001DD4F3 /* Local */ = {
			isa = PBXGroup;
			children = (
				3A33009E271BCE43001DD4F3 /* DummyData.swift */,
				3AD6916F272A4AC5000279B2 /* CoreDataManager.swift */,
			);
			path = Local;
			sourceTree = "<group>";
		};
		3A3300AB271D2F3A001DD4F3 /* Extensions */ = {
			isa = PBXGroup;
			children = (
				3A3300AC271D2F62001DD4F3 /* ViewController+Ext.swift */,
				3AFECF7D271FB31300404F1F /* UIView+Ext.swift */,
				3AA193092730D88300D213CB /* UIColor+Ext.swift */,
				3A8CBFC62762AC7E00E1A43A /* Date+Ext.swift */,
			);
			path = Extensions;
			sourceTree = "<group>";
		};
		3A3F2C6C271A9060008BEEC5 /* CustomViews */ = {
			isa = PBXGroup;
			children = (
				3A3F2C71271A9085008BEEC5 /* Views */,
				3A3F2C6E271A9072008BEEC5 /* Labels */,
				3A3F2C76271A91F5008BEEC5 /* ReusableCells */,
				3A00A0BA271A931A0001168F /* ChildViewControllers */,
				3A8EDDBF28611051004152EC /* FormElements */,
				3AA1930C2730F29B00D213CB /* Buttons */,
			);
			path = CustomViews;
			sourceTree = "<group>";
		};
		3A3F2C6E271A9072008BEEC5 /* Labels */ = {
			isa = PBXGroup;
			children = (
				3A69C77C271892E40078668B /* TMTitleLabel.swift */,
				3A69C77F271899E10078668B /* TMSubtitleLabel.swift */,
				3A23CA3127646F060030437E /* TMTagLabel.swift */,
			);
			path = Labels;
			sourceTree = "<group>";
		};
		3A3F2C71271A9085008BEEC5 /* Views */ = {
			isa = PBXGroup;
			children = (
				3A032FEF2717E0FA00EA11B9 /* TMWelcomeHeaderView.swift */,
				3AFECF86271FCC8000404F1F /* TMSquareIconView.swift */,
				3A022ADE272CBFE7009BD2B3 /* TMEmptyView.swift */,
				3A17BC29274341F800CE504B /* TMSectionHeaderView.swift */,
				3ADB3DB9273CC84E00944A08 /* TMProjectHeaderDetailView.swift */,
			);
			path = Views;
			sourceTree = "<group>";
		};
		3A3F2C73271A90F0008BEEC5 /* Screens */ = {
			isa = PBXGroup;
			children = (
				3A7080562711240E00D2F06E /* HomeVC.swift */,
				3AA39A952738ABF000711E51 /* ProjectDetailVC.swift */,
				3A022AE1272CD815009BD2B3 /* CreateProjectVC.swift */,
				3A32C5FC274879B600AE1BA4 /* CreateTaskVC.swift */,
				3A56C6492769B99A00B91ACF /* TaskDetailVC.swift */,
			);
			path = Screens;
			sourceTree = "<group>";
		};
		3A3F2C74271A9117008BEEC5 /* Model */ = {
			isa = PBXGroup;
			children = (
				3A330099271BCBC3001DD4F3 /* Project.swift */,
				3AFA32F82908EE5D0096CC52 /* Task.swift */,
				3A1FE60F28BB0C0A00E80722 /* CDProject+CoreDataClass.swift */,
				3A1FE61028BB0C0A00E80722 /* CDProject+CoreDataProperties.swift */,
				3A1FE61128BB0C0A00E80722 /* CDTask+CoreDataClass.swift */,
				3A1FE61228BB0C0A00E80722 /* CDTask+CoreDataProperties.swift */,
			);
			path = Model;
			sourceTree = "<group>";
		};
		3A3F2C75271A9156008BEEC5 /* Services */ = {
			isa = PBXGroup;
			children = (
				3A33009D271BCE37001DD4F3 /* Local */,
			);
			path = Services;
			sourceTree = "<group>";
		};
		3A3F2C76271A91F5008BEEC5 /* ReusableCells */ = {
			isa = PBXGroup;
			children = (
				3A3300A8271CCF56001DD4F3 /* ProjectViewCell.swift */,
				3A6462F82727925800FA7F95 /* TaskTableViewCell.swift */,
			);
			path = ReusableCells;
			sourceTree = "<group>";
		};
		3A8EDDBF28611051004152EC /* FormElements */ = {
			isa = PBXGroup;
			children = (
				3A46812F272F67C900142B4E /* TMTextField.swift */,
				3A43078C27323843005D98D9 /* TMTextView.swift */,
				3A2983D827364D6A006B9448 /* TMDateField.swift */,
				3A5097E62867E98100AB1B02 /* TMColorPickerView.swift */,
				3AF5FAEF27659906007342DB /* TMPriorityOptionsView.swift */,
			);
			path = FormElements;
			sourceTree = "<group>";
		};
		3A941222271679CC00B2DF64 /* Util */ = {
			isa = PBXGroup;
			children = (
				3A3720EF271643CE00FE1A75 /* ThemeColors.swift */,
			);
			path = Util;
			sourceTree = "<group>";
		};
		3AA1930C2730F29B00D213CB /* Buttons */ = {
			isa = PBXGroup;
			children = (
				3A468132272FB78C00142B4E /* TMButton.swift */,
				3AFBCF7227471E0100AEB1C4 /* TMCircleButton.swift */,
				3A6B9FFD27547482004E47BF /* TMCheckBoxButton.swift */,
			);
			path = Buttons;
			sourceTree = "<group>";
		};
		3AEF9DF5270E6F860065B184 = {
			isa = PBXGroup;
			children = (
				3AEF9E00270E6F860065B184 /* Task Manager */,
				3AEF9DFF270E6F860065B184 /* Products */,
			);
			sourceTree = "<group>";
		};
		3AEF9DFF270E6F860065B184 /* Products */ = {
			isa = PBXGroup;
			children = (
				3AEF9DFE270E6F860065B184 /* Task Manager.app */,
			);
			name = Products;
			sourceTree = "<group>";
		};
		3AEF9E00270E6F860065B184 /* Task Manager */ = {
			isa = PBXGroup;
			children = (
				3AEF9E01270E6F860065B184 /* AppDelegate.swift */,
				3AEF9E03270E6F860065B184 /* SceneDelegate.swift */,
				3A3F2C6C271A9060008BEEC5 /* CustomViews */,
				3A3F2C73271A90F0008BEEC5 /* Screens */,
				3A3F2C74271A9117008BEEC5 /* Model */,
				3A3F2C75271A9156008BEEC5 /* Services */,
				3A941222271679CC00B2DF64 /* Util */,
				3A3300AB271D2F3A001DD4F3 /* Extensions */,
				3AEF9E0A270E6F880065B184 /* Assets.xcassets */,
				3AEF9E0C270E6F880065B184 /* LaunchScreen.storyboard */,
				3AEF9E0F270E6F880065B184 /* Info.plist */,
				3A07CB34272B798A00E20F3A /* TaskManager.xcdatamodeld */,
			);
			path = "Task Manager";
			sourceTree = "<group>";
		};
/* End PBXGroup section */

/* Begin PBXNativeTarget section */
		3AEF9DFD270E6F860065B184 /* Task Manager */ = {
			isa = PBXNativeTarget;
			buildConfigurationList = 3AEF9E12270E6F880065B184 /* Build configuration list for PBXNativeTarget "Task Manager" */;
			buildPhases = (
				3AEF9DFA270E6F860065B184 /* Sources */,
				3AEF9DFB270E6F860065B184 /* Frameworks */,
				3AEF9DFC270E6F860065B184 /* Resources */,
			);
			buildRules = (
			);
			dependencies = (
			);
			name = "Task Manager";
			packageProductDependencies = (
				3A1940AB271900C000469C06 /* BetterSegmentedControl */,
				3A108D7B2733A4620058D4E1 /* IQKeyboardManagerSwift */,
			);
			productName = "Task Manager";
			productReference = 3AEF9DFE270E6F860065B184 /* Task Manager.app */;
			productType = "com.apple.product-type.application";
		};
/* End PBXNativeTarget section */

/* Begin PBXProject section */
		3AEF9DF6270E6F860065B184 /* Project object */ = {
			isa = PBXProject;
			attributes = {
				LastSwiftUpdateCheck = 1240;
				LastUpgradeCheck = 1240;
				TargetAttributes = {
					3AEF9DFD270E6F860065B184 = {
						CreatedOnToolsVersion = 12.4;
					};
				};
			};
			buildConfigurationList = 3AEF9DF9270E6F860065B184 /* Build configuration list for PBXProject "Task Manager" */;
			compatibilityVersion = "Xcode 9.3";
			developmentRegion = en;
			hasScannedForEncodings = 0;
			knownRegions = (
				en,
				Base,
			);
			mainGroup = 3AEF9DF5270E6F860065B184;
			packageReferences = (
				3A1940AA271900C000469C06 /* XCRemoteSwiftPackageReference "BetterSegmentedControl" */,
				3A108D7A2733A4610058D4E1 /* XCRemoteSwiftPackageReference "IQKeyboardManager" */,
			);
			productRefGroup = 3AEF9DFF270E6F860065B184 /* Products */;
			projectDirPath = "";
			projectRoot = "";
			targets = (
				3AEF9DFD270E6F860065B184 /* Task Manager */,
			);
		};
/* End PBXProject section */

/* Begin PBXResourcesBuildPhase section */
		3AEF9DFC270E6F860065B184 /* Resources */ = {
			isa = PBXResourcesBuildPhase;
			buildActionMask = 2147483647;
			files = (
				3AEF9E0E270E6F880065B184 /* LaunchScreen.storyboard in Resources */,
				3AEF9E0B270E6F880065B184 /* Assets.xcassets in Resources */,
			);
			runOnlyForDeploymentPostprocessing = 0;
		};
/* End PBXResourcesBuildPhase section */

/* Begin PBXSourcesBuildPhase section */
		3AEF9DFA270E6F860065B184 /* Sources */ = {
			isa = PBXSourcesBuildPhase;
			buildActionMask = 2147483647;
			files = (
				3A022AE2272CD815009BD2B3 /* CreateProjectVC.swift in Sources */,
				3A07CB36272B798A00E20F3A /* TaskManager.xcdatamodeld in Sources */,
				3A23CA3227646F060030437E /* TMTagLabel.swift in Sources */,
				3A3720F0271643CE00FE1A75 /* ThemeColors.swift in Sources */,
				3AFA32F92908EE5D0096CC52 /* Task.swift in Sources */,
				3A8CBFC72762AC7E00E1A43A /* Date+Ext.swift in Sources */,
				3A330095271B72FB001DD4F3 /* TMProjectsVC.swift in Sources */,
				3AF5FAF027659906007342DB /* TMPriorityOptionsView.swift in Sources */,
				3A43078D27323843005D98D9 /* TMTextView.swift in Sources */,
				3AFECF7E271FB31300404F1F /* UIView+Ext.swift in Sources */,
				3A3300AD271D2F62001DD4F3 /* ViewController+Ext.swift in Sources */,
				3ADB3DBA273CC84E00944A08 /* TMProjectHeaderDetailView.swift in Sources */,
				3AD69170272A4AC5000279B2 /* CoreDataManager.swift in Sources */,
				3A6B9FFE27547482004E47BF /* TMCheckBoxButton.swift in Sources */,
				3A032FF02717E0FA00EA11B9 /* TMWelcomeHeaderView.swift in Sources */,
				3A7080572711240E00D2F06E /* HomeVC.swift in Sources */,
				3A3300A9271CCF56001DD4F3 /* ProjectViewCell.swift in Sources */,
				3AFBCF7327471E0100AEB1C4 /* TMCircleButton.swift in Sources */,
				3AA1930A2730D88300D213CB /* UIColor+Ext.swift in Sources */,
				3AFECF87271FCC8000404F1F /* TMSquareIconView.swift in Sources */,
				3A5097E72867E98100AB1B02 /* TMColorPickerView.swift in Sources */,
				3AA39A962738ABF000711E51 /* ProjectDetailVC.swift in Sources */,
				3A468130272F67C900142B4E /* TMTextField.swift in Sources */,
				3A1FE61428BB0C0A00E80722 /* CDProject+CoreDataProperties.swift in Sources */,
				3A69C77D271892E50078668B /* TMTitleLabel.swift in Sources */,
				3A69C780271899E10078668B /* TMSubtitleLabel.swift in Sources */,
				3A468133272FB78C00142B4E /* TMButton.swift in Sources */,
				3A1FE61328BB0C0A00E80722 /* CDProject+CoreDataClass.swift in Sources */,
				3A022ADF272CBFE7009BD2B3 /* TMEmptyView.swift in Sources */,
				3A1FE61528BB0C0A00E80722 /* CDTask+CoreDataClass.swift in Sources */,
				3A56C64A2769B99A00B91ACF /* TaskDetailVC.swift in Sources */,
				3A2983D927364D6A006B9448 /* TMDateField.swift in Sources */,
				3A33009F271BCE43001DD4F3 /* DummyData.swift in Sources */,
				3A32C5FD274879B600AE1BA4 /* CreateTaskVC.swift in Sources */,
				3A6462F92727925800FA7F95 /* TaskTableViewCell.swift in Sources */,
				3AEF9E02270E6F860065B184 /* AppDelegate.swift in Sources */,
				3AEF9E04270E6F860065B184 /* SceneDelegate.swift in Sources */,
				3A3300B1271E2210001DD4F3 /* TMTasksListVC.swift in Sources */,
				3A17BC2A274341F800CE504B /* TMSectionHeaderView.swift in Sources */,
				3A1FE61628BB0C0A00E80722 /* CDTask+CoreDataProperties.swift in Sources */,
				3A33009A271BCBC3001DD4F3 /* Project.swift in Sources */,
			);
			runOnlyForDeploymentPostprocessing = 0;
		};
/* End PBXSourcesBuildPhase section */

/* Begin PBXVariantGroup section */
		3AEF9E0C270E6F880065B184 /* LaunchScreen.storyboard */ = {
			isa = PBXVariantGroup;
			children = (
				3AEF9E0D270E6F880065B184 /* Base */,
			);
			name = LaunchScreen.storyboard;
			sourceTree = "<group>";
		};
/* End PBXVariantGroup section */

/* Begin XCBuildConfiguration section */
		3AEF9E10270E6F880065B184 /* Debug */ = {
			isa = XCBuildConfiguration;
			buildSettings = {
				ALWAYS_SEARCH_USER_PATHS = NO;
				CLANG_ANALYZER_NONNULL = YES;
				CLANG_ANALYZER_NUMBER_OBJECT_CONVERSION = YES_AGGRESSIVE;
				CLANG_CXX_LANGUAGE_STANDARD = "gnu++14";
				CLANG_CXX_LIBRARY = "libc++";
				CLANG_ENABLE_MODULES = YES;
				CLANG_ENABLE_OBJC_ARC = YES;
				CLANG_ENABLE_OBJC_WEAK = YES;
				CLANG_WARN_BLOCK_CAPTURE_AUTORELEASING = YES;
				CLANG_WARN_BOOL_CONVERSION = YES;
				CLANG_WARN_COMMA = YES;
				CLANG_WARN_CONSTANT_CONVERSION = YES;
				CLANG_WARN_DEPRECATED_OBJC_IMPLEMENTATIONS = YES;
				CLANG_WARN_DIRECT_OBJC_ISA_USAGE = YES_ERROR;
				CLANG_WARN_DOCUMENTATION_COMMENTS = YES;
				CLANG_WARN_EMPTY_BODY = YES;
				CLANG_WARN_ENUM_CONVERSION = YES;
				CLANG_WARN_INFINITE_RECURSION = YES;
				CLANG_WARN_INT_CONVERSION = YES;
				CLANG_WARN_NON_LITERAL_NULL_CONVERSION = YES;
				CLANG_WARN_OBJC_IMPLICIT_RETAIN_SELF = YES;
				CLANG_WARN_OBJC_LITERAL_CONVERSION = YES;
				CLANG_WARN_OBJC_ROOT_CLASS = YES_ERROR;
				CLANG_WARN_QUOTED_INCLUDE_IN_FRAMEWORK_HEADER = YES;
				CLANG_WARN_RANGE_LOOP_ANALYSIS = YES;
				CLANG_WARN_STRICT_PROTOTYPES = YES;
				CLANG_WARN_SUSPICIOUS_MOVE = YES;
				CLANG_WARN_UNGUARDED_AVAILABILITY = YES_AGGRESSIVE;
				CLANG_WARN_UNREACHABLE_CODE = YES;
				CLANG_WARN__DUPLICATE_METHOD_MATCH = YES;
				COPY_PHASE_STRIP = NO;
				DEBUG_INFORMATION_FORMAT = dwarf;
				ENABLE_STRICT_OBJC_MSGSEND = YES;
				ENABLE_TESTABILITY = YES;
				GCC_C_LANGUAGE_STANDARD = gnu11;
				GCC_DYNAMIC_NO_PIC = NO;
				GCC_NO_COMMON_BLOCKS = YES;
				GCC_OPTIMIZATION_LEVEL = 0;
				GCC_PREPROCESSOR_DEFINITIONS = (
					"DEBUG=1",
					"$(inherited)",
				);
				GCC_WARN_64_TO_32_BIT_CONVERSION = YES;
				GCC_WARN_ABOUT_RETURN_TYPE = YES_ERROR;
				GCC_WARN_UNDECLARED_SELECTOR = YES;
				GCC_WARN_UNINITIALIZED_AUTOS = YES_AGGRESSIVE;
				GCC_WARN_UNUSED_FUNCTION = YES;
				GCC_WARN_UNUSED_VARIABLE = YES;
				IPHONEOS_DEPLOYMENT_TARGET = 13.0;
				MTL_ENABLE_DEBUG_INFO = INCLUDE_SOURCE;
				MTL_FAST_MATH = YES;
				ONLY_ACTIVE_ARCH = YES;
				SDKROOT = iphoneos;
				SWIFT_ACTIVE_COMPILATION_CONDITIONS = DEBUG;
				SWIFT_OPTIMIZATION_LEVEL = "-Onone";
			};
			name = Debug;
		};
		3AEF9E11270E6F880065B184 /* Release */ = {
			isa = XCBuildConfiguration;
			buildSettings = {
				ALWAYS_SEARCH_USER_PATHS = NO;
				CLANG_ANALYZER_NONNULL = YES;
				CLANG_ANALYZER_NUMBER_OBJECT_CONVERSION = YES_AGGRESSIVE;
				CLANG_CXX_LANGUAGE_STANDARD = "gnu++14";
				CLANG_CXX_LIBRARY = "libc++";
				CLANG_ENABLE_MODULES = YES;
				CLANG_ENABLE_OBJC_ARC = YES;
				CLANG_ENABLE_OBJC_WEAK = YES;
				CLANG_WARN_BLOCK_CAPTURE_AUTORELEASING = YES;
				CLANG_WARN_BOOL_CONVERSION = YES;
				CLANG_WARN_COMMA = YES;
				CLANG_WARN_CONSTANT_CONVERSION = YES;
				CLANG_WARN_DEPRECATED_OBJC_IMPLEMENTATIONS = YES;
				CLANG_WARN_DIRECT_OBJC_ISA_USAGE = YES_ERROR;
				CLANG_WARN_DOCUMENTATION_COMMENTS = YES;
				CLANG_WARN_EMPTY_BODY = YES;
				CLANG_WARN_ENUM_CONVERSION = YES;
				CLANG_WARN_INFINITE_RECURSION = YES;
				CLANG_WARN_INT_CONVERSION = YES;
				CLANG_WARN_NON_LITERAL_NULL_CONVERSION = YES;
				CLANG_WARN_OBJC_IMPLICIT_RETAIN_SELF = YES;
				CLANG_WARN_OBJC_LITERAL_CONVERSION = YES;
				CLANG_WARN_OBJC_ROOT_CLASS = YES_ERROR;
				CLANG_WARN_QUOTED_INCLUDE_IN_FRAMEWORK_HEADER = YES;
				CLANG_WARN_RANGE_LOOP_ANALYSIS = YES;
				CLANG_WARN_STRICT_PROTOTYPES = YES;
				CLANG_WARN_SUSPICIOUS_MOVE = YES;
				CLANG_WARN_UNGUARDED_AVAILABILITY = YES_AGGRESSIVE;
				CLANG_WARN_UNREACHABLE_CODE = YES;
				CLANG_WARN__DUPLICATE_METHOD_MATCH = YES;
				COPY_PHASE_STRIP = NO;
				DEBUG_INFORMATION_FORMAT = "dwarf-with-dsym";
				ENABLE_NS_ASSERTIONS = NO;
				ENABLE_STRICT_OBJC_MSGSEND = YES;
				GCC_C_LANGUAGE_STANDARD = gnu11;
				GCC_NO_COMMON_BLOCKS = YES;
				GCC_WARN_64_TO_32_BIT_CONVERSION = YES;
				GCC_WARN_ABOUT_RETURN_TYPE = YES_ERROR;
				GCC_WARN_UNDECLARED_SELECTOR = YES;
				GCC_WARN_UNINITIALIZED_AUTOS = YES_AGGRESSIVE;
				GCC_WARN_UNUSED_FUNCTION = YES;
				GCC_WARN_UNUSED_VARIABLE = YES;
				IPHONEOS_DEPLOYMENT_TARGET = 13.0;
				MTL_ENABLE_DEBUG_INFO = NO;
				MTL_FAST_MATH = YES;
				SDKROOT = iphoneos;
				SWIFT_COMPILATION_MODE = wholemodule;
				SWIFT_OPTIMIZATION_LEVEL = "-O";
				VALIDATE_PRODUCT = YES;
			};
			name = Release;
		};
		3AEF9E13270E6F880065B184 /* Debug */ = {
			isa = XCBuildConfiguration;
			buildSettings = {
				ASSETCATALOG_COMPILER_APPICON_NAME = AppIcon;
				ASSETCATALOG_COMPILER_GLOBAL_ACCENT_COLOR_NAME = AccentColor;
				CODE_SIGN_STYLE = Automatic;
				DEVELOPMENT_TEAM = P39ZCVPYYR;
				INFOPLIST_FILE = "Task Manager/Info.plist";
				IPHONEOS_DEPLOYMENT_TARGET = 13.0;
				LD_RUNPATH_SEARCH_PATHS = (
					"$(inherited)",
					"@executable_path/Frameworks",
				);
				PRODUCT_BUNDLE_IDENTIFIER = "com.duilan.Task-Manager";
				PRODUCT_NAME = "$(TARGET_NAME)";
				SWIFT_VERSION = 5.0;
				TARGETED_DEVICE_FAMILY = 1;
			};
			name = Debug;
		};
		3AEF9E14270E6F880065B184 /* Release */ = {
			isa = XCBuildConfiguration;
			buildSettings = {
				ASSETCATALOG_COMPILER_APPICON_NAME = AppIcon;
				ASSETCATALOG_COMPILER_GLOBAL_ACCENT_COLOR_NAME = AccentColor;
				CODE_SIGN_STYLE = Automatic;
				DEVELOPMENT_TEAM = P39ZCVPYYR;
				INFOPLIST_FILE = "Task Manager/Info.plist";
				IPHONEOS_DEPLOYMENT_TARGET = 13.0;
				LD_RUNPATH_SEARCH_PATHS = (
					"$(inherited)",
					"@executable_path/Frameworks",
				);
				PRODUCT_BUNDLE_IDENTIFIER = "com.duilan.Task-Manager";
				PRODUCT_NAME = "$(TARGET_NAME)";
				SWIFT_VERSION = 5.0;
				TARGETED_DEVICE_FAMILY = 1;
			};
			name = Release;
		};
/* End XCBuildConfiguration section */

/* Begin XCConfigurationList section */
		3AEF9DF9270E6F860065B184 /* Build configuration list for PBXProject "Task Manager" */ = {
			isa = XCConfigurationList;
			buildConfigurations = (
				3AEF9E10270E6F880065B184 /* Debug */,
				3AEF9E11270E6F880065B184 /* Release */,
			);
			defaultConfigurationIsVisible = 0;
			defaultConfigurationName = Release;
		};
		3AEF9E12270E6F880065B184 /* Build configuration list for PBXNativeTarget "Task Manager" */ = {
			isa = XCConfigurationList;
			buildConfigurations = (
				3AEF9E13270E6F880065B184 /* Debug */,
				3AEF9E14270E6F880065B184 /* Release */,
			);
			defaultConfigurationIsVisible = 0;
			defaultConfigurationName = Release;
		};
/* End XCConfigurationList section */

/* Begin XCRemoteSwiftPackageReference section */
		3A108D7A2733A4610058D4E1 /* XCRemoteSwiftPackageReference "IQKeyboardManager" */ = {
			isa = XCRemoteSwiftPackageReference;
			repositoryURL = "https://github.com/hackiftekhar/IQKeyboardManager.git";
			requirement = {
				kind = exactVersion;
				version = 6.5.6;
			};
		};
		3A1940AA271900C000469C06 /* XCRemoteSwiftPackageReference "BetterSegmentedControl" */ = {
			isa = XCRemoteSwiftPackageReference;
			repositoryURL = "https://github.com/gmarm/BetterSegmentedControl.git";
			requirement = {
				kind = upToNextMinorVersion;
				minimumVersion = 2.0.1;
			};
		};
/* End XCRemoteSwiftPackageReference section */

/* Begin XCSwiftPackageProductDependency section */
		3A108D7B2733A4620058D4E1 /* IQKeyboardManagerSwift */ = {
			isa = XCSwiftPackageProductDependency;
			package = 3A108D7A2733A4610058D4E1 /* XCRemoteSwiftPackageReference "IQKeyboardManager" */;
			productName = IQKeyboardManagerSwift;
		};
		3A1940AB271900C000469C06 /* BetterSegmentedControl */ = {
			isa = XCSwiftPackageProductDependency;
			package = 3A1940AA271900C000469C06 /* XCRemoteSwiftPackageReference "BetterSegmentedControl" */;
			productName = BetterSegmentedControl;
		};
/* End XCSwiftPackageProductDependency section */

/* Begin XCVersionGroup section */
		3A07CB34272B798A00E20F3A /* TaskManager.xcdatamodeld */ = {
			isa = XCVersionGroup;
			children = (
				3A07CB35272B798A00E20F3A /* TaskManager.xcdatamodel */,
			);
			currentVersion = 3A07CB35272B798A00E20F3A /* TaskManager.xcdatamodel */;
			path = TaskManager.xcdatamodeld;
			sourceTree = "<group>";
			versionGroupType = wrapper.xcdatamodel;
		};
/* End XCVersionGroup section */
	};
	rootObject = 3AEF9DF6270E6F860065B184 /* Project object */;
}
